
Microsoft Visual Studio Solution File, Format Version 12.00
# Visual Studio Version 16
VisualStudioVersion = 16.0.30204.135
MinimumVisualStudioVersion = 10.0.40219.1
Project("{2150E333-8FDC-42A3-9474-1A3956D46DE8}") = "UnitTests", "UnitTests", "{5871139D-1019-4556-B9A3-A2D633F38322}"
EndProject
Project("{2150E333-8FDC-42A3-9474-1A3956D46DE8}") = "TestApps", "TestApps", "{F4713542-1000-4FFD-BFFE-5A5F9D8E4EE1}"
EndProject
Project("{FAE04EC0-301F-11D3-BF4B-00C04F79EFBC}") = "Tethys.Win", "Tethys.Win\Tethys.Win.csproj", "{9B17997D-EE67-4594-AB16-71BB8BFFCAF0}"
EndProject
Project("{FAE04EC0-301F-11D3-BF4B-00C04F79EFBC}") = "Tethys.Forms", "Tethys.Forms\Tethys.Forms.csproj", "{5DDE134B-6B54-47BF-854A-9E611E2CFF04}"
EndProject
Project("{FAE04EC0-301F-11D3-BF4B-00C04F79EFBC}") = "RingBufferDemo", "Tests\TestApps\RingBufferDemo\RingBufferDemo.csproj", "{1FC57987-78B8-45E0-B13F-F04EFB9A519F}"
EndProject
Project("{FAE04EC0-301F-11D3-BF4B-00C04F79EFBC}") = "TgVersionInfoDemo", "Tests\TestApps\VersionInfoDemo\TgVersionInfoDemo.csproj", "{51D5CBC5-8864-4329-AC60-AACB0EABD770}"
EndProject
Project("{FAE04EC0-301F-11D3-BF4B-00C04F79EFBC}") = "RecentFileListDemo", "Tests\TestApps\RecentFileListDemo\RecentFileListDemo.csproj", "{22087806-704A-4208-9B71-AE3EB9623427}"
EndProject
Project("{2150E333-8FDC-42A3-9474-1A3956D46DE8}") = "Global", "Global", "{6E4F33D1-CD36-4E7B-B040-67454D75DA9B}"
	ProjectSection(SolutionItems) = preProject
		GlobalAssemblyInfo.cs = GlobalAssemblyInfo.cs
	EndProjectSection
EndProject
Project("{9A19103F-16F7-4668-BE54-9A1E7A4F7556}") = "Tethys", "Tethys\Tethys.csproj", "{B9028A70-B985-4086-854E-8233F5A5CA73}"
EndProject
Project("{9A19103F-16F7-4668-BE54-9A1E7A4F7556}") = "Tethys.Test", "Tethys.Test\Tethys.Test.csproj", "{E94DB4DB-AF13-427C-A901-828D55ED3E1E}"
EndProject
Project("{2150E333-8FDC-42A3-9474-1A3956D46DE8}") = "Doc", "Doc", "{DC9D06B5-CB0E-440D-8252-2D61D0954548}"
	ProjectSection(SolutionItems) = preProject
		ChangeLog.md = ChangeLog.md
		LICENSE = LICENSE
		Notice.txt = Notice.txt
		README.md = README.md
	EndProjectSection
EndProject
Project("{FAE04EC0-301F-11D3-BF4B-00C04F79EFBC}") = "Tethys.Win.NET5", "Tethys.Win.NET5\Tethys.Win.NET5.csproj", "{6C9D9A9B-C205-43A0-949E-F561A9607F72}"
EndProject
Project("{FAE04EC0-301F-11D3-BF4B-00C04F79EFBC}") = "Tethys.Forms.NET5", "Tethys.Forms.NET5\Tethys.Forms.NET5.csproj", "{DE66A253-2030-436C-A1DB-55C90BEEC789}"
EndProject
Global
	GlobalSection(SolutionConfigurationPlatforms) = preSolution
		Debug|Any CPU = Debug|Any CPU
		Debug|ARM = Debug|ARM
		Debug|Mixed Platforms = Debug|Mixed Platforms
		Debug|x64 = Debug|x64
		Debug|x86 = Debug|x86
		Release|Any CPU = Release|Any CPU
		Release|ARM = Release|ARM
		Release|Mixed Platforms = Release|Mixed Platforms
		Release|x64 = Release|x64
		Release|x86 = Release|x86
	EndGlobalSection
	GlobalSection(ProjectConfigurationPlatforms) = postSolution
		{9B17997D-EE67-4594-AB16-71BB8BFFCAF0}.Debug|Any CPU.ActiveCfg = Debug|Any CPU
		{9B17997D-EE67-4594-AB16-71BB8BFFCAF0}.Debug|Any CPU.Build.0 = Debug|Any CPU
		{9B17997D-EE67-4594-AB16-71BB8BFFCAF0}.Debug|ARM.ActiveCfg = Debug|Any CPU
		{9B17997D-EE67-4594-AB16-71BB8BFFCAF0}.Debug|Mixed Platforms.ActiveCfg = Debug|Any CPU
		{9B17997D-EE67-4594-AB16-71BB8BFFCAF0}.Debug|Mixed Platforms.Build.0 = Debug|Any CPU
		{9B17997D-EE67-4594-AB16-71BB8BFFCAF0}.Debug|x64.ActiveCfg = Debug|Any CPU
		{9B17997D-EE67-4594-AB16-71BB8BFFCAF0}.Debug|x86.ActiveCfg = Debug|Any CPU
		{9B17997D-EE67-4594-AB16-71BB8BFFCAF0}.Release|Any CPU.ActiveCfg = Release|Any CPU
		{9B17997D-EE67-4594-AB16-71BB8BFFCAF0}.Release|Any CPU.Build.0 = Release|Any CPU
		{9B17997D-EE67-4594-AB16-71BB8BFFCAF0}.Release|ARM.ActiveCfg = Release|Any CPU
		{9B17997D-EE67-4594-AB16-71BB8BFFCAF0}.Release|Mixed Platforms.ActiveCfg = Release|Any CPU
		{9B17997D-EE67-4594-AB16-71BB8BFFCAF0}.Release|Mixed Platforms.Build.0 = Release|Any CPU
		{9B17997D-EE67-4594-AB16-71BB8BFFCAF0}.Release|x64.ActiveCfg = Release|Any CPU
		{9B17997D-EE67-4594-AB16-71BB8BFFCAF0}.Release|x86.ActiveCfg = Release|Any CPU
		{5DDE134B-6B54-47BF-854A-9E611E2CFF04}.Debug|Any CPU.ActiveCfg = Debug|Any CPU
		{5DDE134B-6B54-47BF-854A-9E611E2CFF04}.Debug|Any CPU.Build.0 = Debug|Any CPU
		{5DDE134B-6B54-47BF-854A-9E611E2CFF04}.Debug|ARM.ActiveCfg = Debug|Any CPU
		{5DDE134B-6B54-47BF-854A-9E611E2CFF04}.Debug|Mixed Platforms.ActiveCfg = Debug|Any CPU
		{5DDE134B-6B54-47BF-854A-9E611E2CFF04}.Debug|Mixed Platforms.Build.0 = Debug|Any CPU
		{5DDE134B-6B54-47BF-854A-9E611E2CFF04}.Debug|x64.ActiveCfg = Debug|Any CPU
		{5DDE134B-6B54-47BF-854A-9E611E2CFF04}.Debug|x86.ActiveCfg = Debug|Any CPU
		{5DDE134B-6B54-47BF-854A-9E611E2CFF04}.Release|Any CPU.ActiveCfg = Release|Any CPU
		{5DDE134B-6B54-47BF-854A-9E611E2CFF04}.Release|Any CPU.Build.0 = Release|Any CPU
		{5DDE134B-6B54-47BF-854A-9E611E2CFF04}.Release|ARM.ActiveCfg = Release|Any CPU
		{5DDE134B-6B54-47BF-854A-9E611E2CFF04}.Release|Mixed Platforms.ActiveCfg = Release|Any CPU
		{5DDE134B-6B54-47BF-854A-9E611E2CFF04}.Release|Mixed Platforms.Build.0 = Release|Any CPU
		{5DDE134B-6B54-47BF-854A-9E611E2CFF04}.Release|x64.ActiveCfg = Release|Any CPU
		{5DDE134B-6B54-47BF-854A-9E611E2CFF04}.Release|x86.ActiveCfg = Release|Any CPU
		{1FC57987-78B8-45E0-B13F-F04EFB9A519F}.Debug|Any CPU.ActiveCfg = Debug|Any CPU
		{1FC57987-78B8-45E0-B13F-F04EFB9A519F}.Debug|Any CPU.Build.0 = Debug|Any CPU
		{1FC57987-78B8-45E0-B13F-F04EFB9A519F}.Debug|ARM.ActiveCfg = Debug|Any CPU
		{1FC57987-78B8-45E0-B13F-F04EFB9A519F}.Debug|Mixed Platforms.ActiveCfg = Debug|Any CPU
		{1FC57987-78B8-45E0-B13F-F04EFB9A519F}.Debug|Mixed Platforms.Build.0 = Debug|Any CPU
		{1FC57987-78B8-45E0-B13F-F04EFB9A519F}.Debug|x64.ActiveCfg = Debug|Any CPU
		{1FC57987-78B8-45E0-B13F-F04EFB9A519F}.Debug|x86.ActiveCfg = Debug|Any CPU
		{1FC57987-78B8-45E0-B13F-F04EFB9A519F}.Release|Any CPU.ActiveCfg = Release|Any CPU
		{1FC57987-78B8-45E0-B13F-F04EFB9A519F}.Release|Any CPU.Build.0 = Release|Any CPU
		{1FC57987-78B8-45E0-B13F-F04EFB9A519F}.Release|ARM.ActiveCfg = Release|Any CPU
		{1FC57987-78B8-45E0-B13F-F04EFB9A519F}.Release|Mixed Platforms.ActiveCfg = Release|Any CPU
		{1FC57987-78B8-45E0-B13F-F04EFB9A519F}.Release|Mixed Platforms.Build.0 = Release|Any CPU
		{1FC57987-78B8-45E0-B13F-F04EFB9A519F}.Release|x64.ActiveCfg = Release|Any CPU
		{1FC57987-78B8-45E0-B13F-F04EFB9A519F}.Release|x86.ActiveCfg = Release|Any CPU
		{51D5CBC5-8864-4329-AC60-AACB0EABD770}.Debug|Any CPU.ActiveCfg = Debug|Any CPU
		{51D5CBC5-8864-4329-AC60-AACB0EABD770}.Debug|Any CPU.Build.0 = Debug|Any CPU
		{51D5CBC5-8864-4329-AC60-AACB0EABD770}.Debug|ARM.ActiveCfg = Debug|Any CPU
		{51D5CBC5-8864-4329-AC60-AACB0EABD770}.Debug|Mixed Platforms.ActiveCfg = Debug|Any CPU
		{51D5CBC5-8864-4329-AC60-AACB0EABD770}.Debug|Mixed Platforms.Build.0 = Debug|Any CPU
		{51D5CBC5-8864-4329-AC60-AACB0EABD770}.Debug|x64.ActiveCfg = Debug|Any CPU
		{51D5CBC5-8864-4329-AC60-AACB0EABD770}.Debug|x86.ActiveCfg = Debug|Any CPU
		{51D5CBC5-8864-4329-AC60-AACB0EABD770}.Release|Any CPU.ActiveCfg = Release|Any CPU
		{51D5CBC5-8864-4329-AC60-AACB0EABD770}.Release|Any CPU.Build.0 = Release|Any CPU
		{51D5CBC5-8864-4329-AC60-AACB0EABD770}.Release|ARM.ActiveCfg = Release|Any CPU
		{51D5CBC5-8864-4329-AC60-AACB0EABD770}.Release|Mixed Platforms.ActiveCfg = Release|Any CPU
		{51D5CBC5-8864-4329-AC60-AACB0EABD770}.Release|Mixed Platforms.Build.0 = Release|Any CPU
		{51D5CBC5-8864-4329-AC60-AACB0EABD770}.Release|x64.ActiveCfg = Release|Any CPU
		{51D5CBC5-8864-4329-AC60-AACB0EABD770}.Release|x86.ActiveCfg = Release|Any CPU
		{22087806-704A-4208-9B71-AE3EB9623427}.Debug|Any CPU.ActiveCfg = Debug|x86
		{22087806-704A-4208-9B71-AE3EB9623427}.Debug|Any CPU.Build.0 = Debug|x86
		{22087806-704A-4208-9B71-AE3EB9623427}.Debug|ARM.ActiveCfg = Debug|x86
		{22087806-704A-4208-9B71-AE3EB9623427}.Debug|Mixed Platforms.ActiveCfg = Debug|x86
		{22087806-704A-4208-9B71-AE3EB9623427}.Debug|Mixed Platforms.Build.0 = Debug|x86
		{22087806-704A-4208-9B71-AE3EB9623427}.Debug|x64.ActiveCfg = Debug|x86
		{22087806-704A-4208-9B71-AE3EB9623427}.Debug|x86.ActiveCfg = Debug|x86
		{22087806-704A-4208-9B71-AE3EB9623427}.Debug|x86.Build.0 = Debug|x86
		{22087806-704A-4208-9B71-AE3EB9623427}.Release|Any CPU.ActiveCfg = Release|x86
		{22087806-704A-4208-9B71-AE3EB9623427}.Release|ARM.ActiveCfg = Release|x86
		{22087806-704A-4208-9B71-AE3EB9623427}.Release|Mixed Platforms.ActiveCfg = Release|x86
		{22087806-704A-4208-9B71-AE3EB9623427}.Release|Mixed Platforms.Build.0 = Release|x86
		{22087806-704A-4208-9B71-AE3EB9623427}.Release|x64.ActiveCfg = Release|x86
		{22087806-704A-4208-9B71-AE3EB9623427}.Release|x86.ActiveCfg = Release|x86
		{22087806-704A-4208-9B71-AE3EB9623427}.Release|x86.Build.0 = Release|x86
		{B9028A70-B985-4086-854E-8233F5A5CA73}.Debug|Any CPU.ActiveCfg = Debug|Any CPU
		{B9028A70-B985-4086-854E-8233F5A5CA73}.Debug|Any CPU.Build.0 = Debug|Any CPU
		{B9028A70-B985-4086-854E-8233F5A5CA73}.Debug|ARM.ActiveCfg = Debug|Any CPU
		{B9028A70-B985-4086-854E-8233F5A5CA73}.Debug|ARM.Build.0 = Debug|Any CPU
		{B9028A70-B985-4086-854E-8233F5A5CA73}.Debug|Mixed Platforms.ActiveCfg = Debug|Any CPU
		{B9028A70-B985-4086-854E-8233F5A5CA73}.Debug|Mixed Platforms.Build.0 = Debug|Any CPU
		{B9028A70-B985-4086-854E-8233F5A5CA73}.Debug|x64.ActiveCfg = Debug|Any CPU
		{B9028A70-B985-4086-854E-8233F5A5CA73}.Debug|x64.Build.0 = Debug|Any CPU
		{B9028A70-B985-4086-854E-8233F5A5CA73}.Debug|x86.ActiveCfg = Debug|Any CPU
		{B9028A70-B985-4086-854E-8233F5A5CA73}.Debug|x86.Build.0 = Debug|Any CPU
		{B9028A70-B985-4086-854E-8233F5A5CA73}.Release|Any CPU.ActiveCfg = Release|Any CPU
		{B9028A70-B985-4086-854E-8233F5A5CA73}.Release|Any CPU.Build.0 = Release|Any CPU
		{B9028A70-B985-4086-854E-8233F5A5CA73}.Release|ARM.ActiveCfg = Release|Any CPU
		{B9028A70-B985-4086-854E-8233F5A5CA73}.Release|ARM.Build.0 = Release|Any CPU
		{B9028A70-B985-4086-854E-8233F5A5CA73}.Release|Mixed Platforms.ActiveCfg = Release|Any CPU
		{B9028A70-B985-4086-854E-8233F5A5CA73}.Release|Mixed Platforms.Build.0 = Release|Any CPU
		{B9028A70-B985-4086-854E-8233F5A5CA73}.Release|x64.ActiveCfg = Release|Any CPU
		{B9028A70-B985-4086-854E-8233F5A5CA73}.Release|x64.Build.0 = Release|Any CPU
		{B9028A70-B985-4086-854E-8233F5A5CA73}.Release|x86.ActiveCfg = Release|Any CPU
		{B9028A70-B985-4086-854E-8233F5A5CA73}.Release|x86.Build.0 = Release|Any CPU
		{E94DB4DB-AF13-427C-A901-828D55ED3E1E}.Debug|Any CPU.ActiveCfg = Debug|Any CPU
		{E94DB4DB-AF13-427C-A901-828D55ED3E1E}.Debug|Any CPU.Build.0 = Debug|Any CPU
		{E94DB4DB-AF13-427C-A901-828D55ED3E1E}.Debug|ARM.ActiveCfg = Debug|Any CPU
		{E94DB4DB-AF13-427C-A901-828D55ED3E1E}.Debug|ARM.Build.0 = Debug|Any CPU
		{E94DB4DB-AF13-427C-A901-828D55ED3E1E}.Debug|Mixed Platforms.ActiveCfg = Debug|Any CPU
		{E94DB4DB-AF13-427C-A901-828D55ED3E1E}.Debug|Mixed Platforms.Build.0 = Debug|Any CPU
		{E94DB4DB-AF13-427C-A901-828D55ED3E1E}.Debug|x64.ActiveCfg = Debug|Any CPU
		{E94DB4DB-AF13-427C-A901-828D55ED3E1E}.Debug|x64.Build.0 = Debug|Any CPU
		{E94DB4DB-AF13-427C-A901-828D55ED3E1E}.Debug|x86.ActiveCfg = Debug|Any CPU
		{E94DB4DB-AF13-427C-A901-828D55ED3E1E}.Debug|x86.Build.0 = Debug|Any CPU
		{E94DB4DB-AF13-427C-A901-828D55ED3E1E}.Release|Any CPU.ActiveCfg = Release|Any CPU
		{E94DB4DB-AF13-427C-A901-828D55ED3E1E}.Release|Any CPU.Build.0 = Release|Any CPU
		{E94DB4DB-AF13-427C-A901-828D55ED3E1E}.Release|ARM.ActiveCfg = Release|Any CPU
		{E94DB4DB-AF13-427C-A901-828D55ED3E1E}.Release|ARM.Build.0 = Release|Any CPU
		{E94DB4DB-AF13-427C-A901-828D55ED3E1E}.Release|Mixed Platforms.ActiveCfg = Release|Any CPU
		{E94DB4DB-AF13-427C-A901-828D55ED3E1E}.Release|Mixed Platforms.Build.0 = Release|Any CPU
		{E94DB4DB-AF13-427C-A901-828D55ED3E1E}.Release|x64.ActiveCfg = Release|Any CPU
		{E94DB4DB-AF13-427C-A901-828D55ED3E1E}.Release|x64.Build.0 = Release|Any CPU
		{E94DB4DB-AF13-427C-A901-828D55ED3E1E}.Release|x86.ActiveCfg = Release|Any CPU
		{E94DB4DB-AF13-427C-A901-828D55ED3E1E}.Release|x86.Build.0 = Release|Any CPU
		{6C9D9A9B-C205-43A0-949E-F561A9607F72}.Debug|Any CPU.ActiveCfg = Debug|Any CPU
		{6C9D9A9B-C205-43A0-949E-F561A9607F72}.Debug|Any CPU.Build.0 = Debug|Any CPU
		{6C9D9A9B-C205-43A0-949E-F561A9607F72}.Debug|ARM.ActiveCfg = Debug|Any CPU
		{6C9D9A9B-C205-43A0-949E-F561A9607F72}.Debug|ARM.Build.0 = Debug|Any CPU
		{6C9D9A9B-C205-43A0-949E-F561A9607F72}.Debug|Mixed Platforms.ActiveCfg = Debug|Any CPU
		{6C9D9A9B-C205-43A0-949E-F561A9607F72}.Debug|Mixed Platforms.Build.0 = Debug|Any CPU
		{6C9D9A9B-C205-43A0-949E-F561A9607F72}.Debug|x64.ActiveCfg = Debug|Any CPU
		{6C9D9A9B-C205-43A0-949E-F561A9607F72}.Debug|x64.Build.0 = Debug|Any CPU
		{6C9D9A9B-C205-43A0-949E-F561A9607F72}.Debug|x86.ActiveCfg = Debug|Any CPU
		{6C9D9A9B-C205-43A0-949E-F561A9607F72}.Debug|x86.Build.0 = Debug|Any CPU
		{6C9D9A9B-C205-43A0-949E-F561A9607F72}.Release|Any CPU.ActiveCfg = Release|Any CPU
		{6C9D9A9B-C205-43A0-949E-F561A9607F72}.Release|Any CPU.Build.0 = Release|Any CPU
		{6C9D9A9B-C205-43A0-949E-F561A9607F72}.Release|ARM.ActiveCfg = Release|Any CPU
		{6C9D9A9B-C205-43A0-949E-F561A9607F72}.Release|ARM.Build.0 = Release|Any CPU
		{6C9D9A9B-C205-43A0-949E-F561A9607F72}.Release|Mixed Platforms.ActiveCfg = Release|Any CPU
		{6C9D9A9B-C205-43A0-949E-F561A9607F72}.Release|Mixed Platforms.Build.0 = Release|Any CPU
		{6C9D9A9B-C205-43A0-949E-F561A9607F72}.Release|x64.ActiveCfg = Release|Any CPU
		{6C9D9A9B-C205-43A0-949E-F561A9607F72}.Release|x64.Build.0 = Release|Any CPU
		{6C9D9A9B-C205-43A0-949E-F561A9607F72}.Release|x86.ActiveCfg = Release|Any CPU
		{6C9D9A9B-C205-43A0-949E-F561A9607F72}.Release|x86.Build.0 = Release|Any CPU
		{DE66A253-2030-436C-A1DB-55C90BEEC789}.Debug|Any CPU.ActiveCfg = Debug|Any CPU
		{DE66A253-2030-436C-A1DB-55C90BEEC789}.Debug|Any CPU.Build.0 = Debug|Any CPU
		{DE66A253-2030-436C-A1DB-55C90BEEC789}.Debug|ARM.ActiveCfg = Debug|Any CPU
		{DE66A253-2030-436C-A1DB-55C90BEEC789}.Debug|ARM.Build.0 = Debug|Any CPU
		{DE66A253-2030-436C-A1DB-55C90BEEC789}.Debug|Mixed Platforms.ActiveCfg = Debug|Any CPU
		{DE66A253-2030-436C-A1DB-55C90BEEC789}.Debug|Mixed Platforms.Build.0 = Debug|Any CPU
		{DE66A253-2030-436C-A1DB-55C90BEEC789}.Debug|x64.ActiveCfg = Debug|Any CPU
		{DE66A253-2030-436C-A1DB-55C90BEEC789}.Debug|x64.Build.0 = Debug|Any CPU
		{DE66A253-2030-436C-A1DB-55C90BEEC789}.Debug|x86.ActiveCfg = Debug|Any CPU
		{DE66A253-2030-436C-A1DB-55C90BEEC789}.Debug|x86.Build.0 = Debug|Any CPU
		{DE66A253-2030-436C-A1DB-55C90BEEC789}.Release|Any CPU.ActiveCfg = Release|Any CPU
		{DE66A253-2030-436C-A1DB-55C90BEEC789}.Release|Any CPU.Build.0 = Release|Any CPU
		{DE66A253-2030-436C-A1DB-55C90BEEC789}.Release|ARM.ActiveCfg = Release|Any CPU
		{DE66A253-2030-436C-A1DB-55C90BEEC789}.Release|ARM.Build.0 = Release|Any CPU
		{DE66A253-2030-436C-A1DB-55C90BEEC789}.Release|Mixed Platforms.ActiveCfg = Release|Any CPU
		{DE66A253-2030-436C-A1DB-55C90BEEC789}.Release|Mixed Platforms.Build.0 = Release|Any CPU
		{DE66A253-2030-436C-A1DB-55C90BEEC789}.Release|x64.ActiveCfg = Release|Any CPU
		{DE66A253-2030-436C-A1DB-55C90BEEC789}.Release|x64.Build.0 = Release|Any CPU
		{DE66A253-2030-436C-A1DB-55C90BEEC789}.Release|x86.ActiveCfg = Release|Any CPU
		{DE66A253-2030-436C-A1DB-55C90BEEC789}.Release|x86.Build.0 = Release|Any CPU
	EndGlobalSection
	GlobalSection(SolutionProperties) = preSolution
		HideSolutionNode = FALSE
	EndGlobalSection
	GlobalSection(NestedProjects) = preSolution
		{1FC57987-78B8-45E0-B13F-F04EFB9A519F} = {F4713542-1000-4FFD-BFFE-5A5F9D8E4EE1}
		{51D5CBC5-8864-4329-AC60-AACB0EABD770} = {F4713542-1000-4FFD-BFFE-5A5F9D8E4EE1}
		{22087806-704A-4208-9B71-AE3EB9623427} = {F4713542-1000-4FFD-BFFE-5A5F9D8E4EE1}
		{E94DB4DB-AF13-427C-A901-828D55ED3E1E} = {5871139D-1019-4556-B9A3-A2D633F38322}
	EndGlobalSection
	GlobalSection(ExtensibilityGlobals) = postSolution
		SolutionGuid = {715AB69E-4D0E-443C-99FD-227FB2113483}
	EndGlobalSection
EndGlobal
